
Microsoft Visual Studio Solution File, Format Version 12.00
# Visual Studio 15
VisualStudioVersion = 15.0.28307.1169
MinimumVisualStudioVersion = 10.0.40219.1
Project("{FAE04EC0-301F-11D3-BF4B-00C04F79EFBC}") = "NodePractice2", "NodePractice2\NodePractice2.csproj", "{09661D2E-14BB-4506-8244-8EF7C2C17597}"
EndProject
Global
	GlobalSection(SolutionConfigurationPlatforms) = preSolution
		Debug|Any CPU = Debug|Any CPU
		Release|Any CPU = Release|Any CPU
	EndGlobalSection
	GlobalSection(ProjectConfigurationPlatforms) = postSolution
		{09661D2E-14BB-4506-8244-8EF7C2C17597}.Debug|Any CPU.ActiveCfg = Debug|Any CPU
		{09661D2E-14BB-4506-8244-8EF7C2C17597}.Debug|Any CPU.Build.0 = Debug|Any CPU
		{09661D2E-14BB-4506-8244-8EF7C2C17597}.Release|Any CPU.ActiveCfg = Release|Any CPU
		{09661D2E-14BB-4506-8244-8EF7C2C17597}.Release|Any CPU.Build.0 = Release|Any CPU
	EndGlobalSection
	GlobalSection(SolutionProperties) = preSolution
		HideSolutionNode = FALSE
	EndGlobalSection
	GlobalSection(ExtensibilityGlobals) = postSolution
		SolutionGuid = {BE36CA48-2926-48A2-8505-28522E62A9E6}
	EndGlobalSection
EndGlobal
